
Microsoft Visual Studio Solution File, Format Version 12.00
# Visual Studio 2012
Project("{8BC9CEB8-8B4A-11D0-8D11-00A0C91BC942}") = "smi", "smi\smi.vcxproj", "{CB6AD3A6-4960-4F12-BFA6-8D7DB53F0383}"
EndProject
Global
	GlobalSection(SolutionConfigurationPlatforms) = preSolution
		Debug|Win32 = Debug|Win32
		Release|Win32 = Release|Win32
	EndGlobalSection
	GlobalSection(ProjectConfigurationPlatforms) = postSolution
		{CB6AD3A6-4960-4F12-BFA6-8D7DB53F0383}.Debug|Win32.ActiveCfg = Debug|Win32
		{CB6AD3A6-4960-4F12-BFA6-8D7DB53F0383}.Debug|Win32.Build.0 = Debug|Win32
		{CB6AD3A6-4960-4F12-BFA6-8D7DB53F0383}.Release|Win32.ActiveCfg = Release|Win32
		{CB6AD3A6-4960-4F12-BFA6-8D7DB53F0383}.Release|Win32.Build.0 = Release|Win32
	EndGlobalSection
	GlobalSection(SolutionProperties) = preSolution
		HideSolutionNode = FALSE
	EndGlobalSection
EndGlobal
